
Microsoft Visual Studio Solution File, Format Version 12.00
# Visual Studio Version 17
VisualStudioVersion = 17.9.34728.123
MinimumVisualStudioVersion = 10.0.40219.1
Project("{FAE04EC0-301F-11D3-BF4B-00C04F79EFBC}") = "RandomPassGenerator", "RandomPassGenerator\RandomPassGenerator.csproj", "{927DEC2F-15E8-4BC8-A64C-F5B32904AA33}"
EndProject
Global
	GlobalSection(SolutionConfigurationPlatforms) = preSolution
		Debug|Any CPU = Debug|Any CPU
		Release|Any CPU = Release|Any CPU
	EndGlobalSection
	GlobalSection(ProjectConfigurationPlatforms) = postSolution
		{927DEC2F-15E8-4BC8-A64C-F5B32904AA33}.Debug|Any CPU.ActiveCfg = Debug|Any CPU
		{927DEC2F-15E8-4BC8-A64C-F5B32904AA33}.Debug|Any CPU.Build.0 = Debug|Any CPU
		{927DEC2F-15E8-4BC8-A64C-F5B32904AA33}.Release|Any CPU.ActiveCfg = Release|Any CPU
		{927DEC2F-15E8-4BC8-A64C-F5B32904AA33}.Release|Any CPU.Build.0 = Release|Any CPU
	EndGlobalSection
	GlobalSection(SolutionProperties) = preSolution
		HideSolutionNode = FALSE
	EndGlobalSection
	GlobalSection(ExtensibilityGlobals) = postSolution
		SolutionGuid = {012EC3CB-A930-4582-9DE0-6346F41105F0}
	EndGlobalSection
EndGlobal
